
Microsoft Visual Studio Solution File, Format Version 11.00
# Visual Studio 2010
Project("{FAE04EC0-301F-11D3-BF4B-00C04F79EFBC}") = "cscjvm", "cscjvm\cscjvm.csproj", "{0597EECA-54AE-4184-8CF6-041AB30E8B0A}"
EndProject
Project("{FAE04EC0-301F-11D3-BF4B-00C04F79EFBC}") = "java", "java\java.csproj", "{5446696E-C700-4807-8754-18D0799A9066}"
EndProject
Project("{FAE04EC0-301F-11D3-BF4B-00C04F79EFBC}") = "tmcs", "tmcs\tmcs.csproj", "{DF4EE527-2E51-4A79-95F4-08BB79BC652A}"
EndProject
Global
	GlobalSection(SolutionConfigurationPlatforms) = preSolution
		Debug|x86 = Debug|x86
		Release|x86 = Release|x86
	EndGlobalSection
	GlobalSection(ProjectConfigurationPlatforms) = postSolution
		{0597EECA-54AE-4184-8CF6-041AB30E8B0A}.Debug|x86.ActiveCfg = Debug|x86
		{0597EECA-54AE-4184-8CF6-041AB30E8B0A}.Debug|x86.Build.0 = Debug|x86
		{0597EECA-54AE-4184-8CF6-041AB30E8B0A}.Release|x86.ActiveCfg = Release|x86
		{0597EECA-54AE-4184-8CF6-041AB30E8B0A}.Release|x86.Build.0 = Release|x86
		{5446696E-C700-4807-8754-18D0799A9066}.Debug|x86.ActiveCfg = Debug|Any CPU
		{5446696E-C700-4807-8754-18D0799A9066}.Debug|x86.Build.0 = Debug|Any CPU
		{5446696E-C700-4807-8754-18D0799A9066}.Release|x86.ActiveCfg = Release|Any CPU
		{5446696E-C700-4807-8754-18D0799A9066}.Release|x86.Build.0 = Release|Any CPU
		{DF4EE527-2E51-4A79-95F4-08BB79BC652A}.Debug|x86.ActiveCfg = Debug|x86
		{DF4EE527-2E51-4A79-95F4-08BB79BC652A}.Debug|x86.Build.0 = Debug|x86
		{DF4EE527-2E51-4A79-95F4-08BB79BC652A}.Release|x86.ActiveCfg = Release|x86
		{DF4EE527-2E51-4A79-95F4-08BB79BC652A}.Release|x86.Build.0 = Release|x86
	EndGlobalSection
	GlobalSection(MonoDevelopProperties) = preSolution
		StartupItem = tmcs\tmcs.csproj
	EndGlobalSection
EndGlobal
